{
  "requires": true,
  "lockfileVersion": 1,
  "dependencies": {
    "@angular/http": {
      "version": "6.1.6",
      "resolved": "https://registry.npmjs.org/@angular/http/-/http-6.1.6.tgz",
      "integrity": "sha512-V4qF68tUSsc3cKvQERJmpfXgZSKgxhb67I2jAfmwU9mEH66wh9FNfZ0b0GPV9hXoCulw3POz4ZUwZZ1E6mLy4A==",
      "requires": {
        "tslib": "1.9.3"
      }
    },
    "jquery": {
      "version": "3.3.1",
      "resolved": "https://registry.npmjs.org/jquery/-/jquery-3.3.1.tgz",
      "integrity": "sha512-Ubldcmxp5np52/ENotGxlLe6aGMvmF4R8S6tZjsP6Knsaxd/xp3Zrh50cG93lR6nPXyUFwzN3ZSOQI0wRJNdGg=="
    },
    "tslib": {
      "version": "1.9.3",
      "resolved": "https://registry.npmjs.org/tslib/-/tslib-1.9.3.tgz",
      "integrity": "sha512-4krF8scpejhaOgqzBEcGM7yDIEfi0/8+8zDRZhNZZ2kjmHJ4hv3zCbQWxoJGz1iw5U0Jl0nma13xzHXcncMavQ=="
    }
  }
}
